{
  "nodes": {
    "nixpkgs": {
      "locked": {
        "lastModified": 1736701207,
        "narHash": "sha256-jG/+MvjVY7SlTakzZ2fJ5dC3V1PrKKrUEOEE30jrOKA=",
        "owner": "nixos",
        "repo": "nixpkgs",
        "rev": "ed4a395ea001367c1f13d34b1e01aa10290f67d6",
        "type": "github"
      },
      "original": {
        "owner": "nixos",
        "ref": "nixos-unstable",
        "repo": "nixpkgs",
        "type": "github"
      }
    },
    "root": {
      "inputs": {
        "nixpkgs": "nixpkgs"
      }
    }
  },
  "root": "root",
  "version": 7
}
