github.com/BambooEngine/bamboo-core v0.0.0-20240916131919-b2e49a2b48c7 h1:sXj2UzNjOxmX4xxk8bLWMECamsKn8vT3XSe1klDvsV0=
github.com/BambooEngine/bamboo-core v0.0.0-20240916131919-b2e49a2b48c7/go.mod h1:OxsVN3QJM/OrAVsnsSrSTC2SOudVOrb0vTw1dJrcOK4=
github.com/BambooEngine/goibus v0.0.0-20240724150421-cfe61b2f8f77 h1:gCwm/sU1uaaUJe3E93CNigsKaX9dneiNhx+ElKrD0fM=
github.com/BambooEngine/goibus v0.0.0-20240724150421-cfe61b2f8f77/go.mod h1:6VXFP/0WXorUWDU7y9Ejyg6GGCflBuNvWPBmfI3k2s4=
github.com/dkolbly/wl v0.0.0-20180220001605-b06f57e7e2e6 h1:boaySJl2jhPwf+lSBRugRERVEZ0ovAwppOBx73P6zoM=
github.com/dkolbly/wl v0.0.0-20180220001605-b06f57e7e2e6/go.mod h1:fUuzU55URBTyjoKP2pYoAoeZd1SvdjJP4IkYoT21xZg=
github.com/godbus/dbus/v5 v5.1.0 h1:4KLkAxT3aOY8Li4FRJe/KvhoNFFxo0m6fNuFUO8QJUk=
github.com/godbus/dbus/v5 v5.1.0/go.mod h1:xhWf0FNVPg57R7Z0UbKHbJfkEywrmjJnf7w5xrFpKfA=
golang.org/x/net v0.38.0 h1:vRMAPTMaeGqVhG5QyLJHqNDwecKTomGeqbnfZyKlBI8=
golang.org/x/net v0.38.0/go.mod h1:ivrbrMbzFq5J41QOQh0siUuly180yBYtLp+CKbEaFx8=
